
Microsoft Visual Studio Solution File, Format Version 12.00
# Visual Studio Version 16
VisualStudioVersion = 16.0.33423.256
MinimumVisualStudioVersion = 10.0.40219.1
Project("{FAE04EC0-301F-11D3-BF4B-00C04F79EFBC}") = "UMS", "UMS.csproj", "{6181A856-7CB2-4AA7-AAFF-0530F5BC1E39}"
EndProject
Global
	GlobalSection(SolutionConfigurationPlatforms) = preSolution
		Debug|Any CPU = Debug|Any CPU
		Release|Any CPU = Release|Any CPU
	EndGlobalSection
	GlobalSection(ProjectConfigurationPlatforms) = postSolution
		{6181A856-7CB2-4AA7-AAFF-0530F5BC1E39}.Debug|Any CPU.ActiveCfg = Debug|Any CPU
		{6181A856-7CB2-4AA7-AAFF-0530F5BC1E39}.Debug|Any CPU.Build.0 = Debug|Any CPU
		{6181A856-7CB2-4AA7-AAFF-0530F5BC1E39}.Release|Any CPU.ActiveCfg = Release|Any CPU
		{6181A856-7CB2-4AA7-AAFF-0530F5BC1E39}.Release|Any CPU.Build.0 = Release|Any CPU
	EndGlobalSection
	GlobalSection(SolutionProperties) = preSolution
		HideSolutionNode = FALSE
	EndGlobalSection
	GlobalSection(ExtensibilityGlobals) = postSolution
		SolutionGuid = {E4428BFA-3A51-46D2-9802-F509AC9F1FF0}
	EndGlobalSection
EndGlobal
